
Microsoft Visual Studio Solution File, Format Version 12.00
# Visual Studio Version 17
VisualStudioVersion = 17.7.34024.191
MinimumVisualStudioVersion = 10.0.40219.1
Project("{FAE04EC0-301F-11D3-BF4B-00C04F79EFBC}") = "RepositoryPatternWithUOW.Api", "RepositoryPatternWithUOW.Api\RepositoryPatternWithUOW.Api.csproj", "{0944701F-1013-4383-A7D7-CFB16E0C35C6}"
EndProject
Project("{FAE04EC0-301F-11D3-BF4B-00C04F79EFBC}") = "RepositoryPatternWithUOW.EF", "RepositoryPatternWithUOW.EF\RepositoryPatternWithUOW.EF.csproj", "{A01C2837-73CD-4E84-BD3C-063FF27248E9}"
EndProject
Project("{FAE04EC0-301F-11D3-BF4B-00C04F79EFBC}") = "RepositoryPatternWithUOW.Core", "RepositoryPatternWithUOW.Core\RepositoryPatternWithUOW.Core.csproj", "{D70883A6-3E64-4E70-9F38-1524B8EDC7EF}"
EndProject
Global
	GlobalSection(SolutionConfigurationPlatforms) = preSolution
		Debug|Any CPU = Debug|Any CPU
		Release|Any CPU = Release|Any CPU
	EndGlobalSection
	GlobalSection(ProjectConfigurationPlatforms) = postSolution
		{0944701F-1013-4383-A7D7-CFB16E0C35C6}.Debug|Any CPU.ActiveCfg = Debug|Any CPU
		{0944701F-1013-4383-A7D7-CFB16E0C35C6}.Debug|Any CPU.Build.0 = Debug|Any CPU
		{0944701F-1013-4383-A7D7-CFB16E0C35C6}.Release|Any CPU.ActiveCfg = Release|Any CPU
		{0944701F-1013-4383-A7D7-CFB16E0C35C6}.Release|Any CPU.Build.0 = Release|Any CPU
		{A01C2837-73CD-4E84-BD3C-063FF27248E9}.Debug|Any CPU.ActiveCfg = Debug|Any CPU
		{A01C2837-73CD-4E84-BD3C-063FF27248E9}.Debug|Any CPU.Build.0 = Debug|Any CPU
		{A01C2837-73CD-4E84-BD3C-063FF27248E9}.Release|Any CPU.ActiveCfg = Release|Any CPU
		{A01C2837-73CD-4E84-BD3C-063FF27248E9}.Release|Any CPU.Build.0 = Release|Any CPU
		{D70883A6-3E64-4E70-9F38-1524B8EDC7EF}.Debug|Any CPU.ActiveCfg = Debug|Any CPU
		{D70883A6-3E64-4E70-9F38-1524B8EDC7EF}.Debug|Any CPU.Build.0 = Debug|Any CPU
		{D70883A6-3E64-4E70-9F38-1524B8EDC7EF}.Release|Any CPU.ActiveCfg = Release|Any CPU
		{D70883A6-3E64-4E70-9F38-1524B8EDC7EF}.Release|Any CPU.Build.0 = Release|Any CPU
	EndGlobalSection
	GlobalSection(SolutionProperties) = preSolution
		HideSolutionNode = FALSE
	EndGlobalSection
	GlobalSection(ExtensibilityGlobals) = postSolution
		SolutionGuid = {700EA420-9D6F-4706-B27E-5A836C014CF6}
	EndGlobalSection
EndGlobal
